
Microsoft Visual Studio Solution File, Format Version 12.00
# Visual Studio Version 16
VisualStudioVersion = 16.0.33027.164
MinimumVisualStudioVersion = 10.0.40219.1
Project("{FAE04EC0-301F-11D3-BF4B-00C04F79EFBC}") = "WpfApp1", "WpfApp1\WpfApp1.csproj", "{5371F0F8-EB96-4C5E-BB05-F3E772D74DCB}"
EndProject
Global
	GlobalSection(SolutionConfigurationPlatforms) = preSolution
		Debug|Any CPU = Debug|Any CPU
		Release|Any CPU = Release|Any CPU
	EndGlobalSection
	GlobalSection(ProjectConfigurationPlatforms) = postSolution
		{5371F0F8-EB96-4C5E-BB05-F3E772D74DCB}.Debug|Any CPU.ActiveCfg = Debug|Any CPU
		{5371F0F8-EB96-4C5E-BB05-F3E772D74DCB}.Debug|Any CPU.Build.0 = Debug|Any CPU
		{5371F0F8-EB96-4C5E-BB05-F3E772D74DCB}.Release|Any CPU.ActiveCfg = Release|Any CPU
		{5371F0F8-EB96-4C5E-BB05-F3E772D74DCB}.Release|Any CPU.Build.0 = Release|Any CPU
	EndGlobalSection
	GlobalSection(SolutionProperties) = preSolution
		HideSolutionNode = FALSE
	EndGlobalSection
	GlobalSection(ExtensibilityGlobals) = postSolution
		SolutionGuid = {0788F56D-1A2C-4364-BCA7-B093B0950E6A}
	EndGlobalSection
EndGlobal
